// !$*UTF8*$!
{
	archiveVersion = 1;
	classes = {
	};
	objectVersion = 63;
	objects = {

/* Begin PBXBuildFile section */
		090093AAB0C376A138D32BCC /* LiveVideoViews.swift in Sources */ = {isa = PBXBuildFile; fileRef = 78C6EDC7063566A5A217504F /* LiveVideoViews.swift */; };
		0D7383C45C7ABE517C9DAC0C /* ProductHydrationDataSource.swift in Sources */ = {isa = PBXBuildFile; fileRef = AE5C5D0C437A951D7C58A968 /* ProductHydrationDataSource.swift */; };
		1D9C7770BA885C2BA04BBE55 /* ShoppableVideoViews.swift in Sources */ = {isa = PBXBuildFile; fileRef = B5B1CBDAC790B8A226DB6D4D /* ShoppableVideoViews.swift */; };
		2262B7A5215B0586D393C197 /* Product.swift in Sources */ = {isa = PBXBuildFile; fileRef = C1D1A9520B3C6ABF0CAAEBD4 /* Product.swift */; };
		28E6FF22F3B72252A26B25FA /* ShoppableVideoPlaylistView.swift in Sources */ = {isa = PBXBuildFile; fileRef = 48BCD410CD2F1C1D6F0141E3 /* ShoppableVideoPlaylistView.swift */; };
		2C64ADD37B412A75377C698D /* ShoppableVideoWithSKUViewRepresentable.swift in Sources */ = {isa = PBXBuildFile; fileRef = 8205FEF0901C738A0CB05152 /* ShoppableVideoWithSKUViewRepresentable.swift */; };
		2DEE6D690053A4141E62B24E /* ShoppableVideoViewRepresentable.swift in Sources */ = {isa = PBXBuildFile; fileRef = BF280E002FD30A68F076AF6F /* ShoppableVideoViewRepresentable.swift */; };
		31F0D246C2E427DD85EA01C3 /* MockClientProduct.swift in Sources */ = {isa = PBXBuildFile; fileRef = E6CFD489F21785CD2DCC9D84 /* MockClientProduct.swift */; };
		3653621C2E81912500ECA778 /* BambuserCommerceSDK in Frameworks */ = {isa = PBXBuildFile; productRef = 3653621B2E81912500ECA778 /* BambuserCommerceSDK */; };
		5B9D7974E79CA70796A2D64D /* HomeView.swift in Sources */ = {isa = PBXBuildFile; fileRef = 13D7B51256ED5532ACABC004 /* HomeView.swift */; };
		6BDA1BA221124C42BF35FC8B /* EventHandlingViewController.swift in Sources */ = {isa = PBXBuildFile; fileRef = 044B26A0BCB27E5A85DEEC1B /* EventHandlingViewController.swift */; };
		72E5BF4493766B6D7BEAFB9E /* ContentView.swift in Sources */ = {isa = PBXBuildFile; fileRef = 428ACFD093BDCF94DB02069B /* ContentView.swift */; };
		7921EF7160CDAB2FFCC5181E /* SizeBuilder.swift in Sources */ = {isa = PBXBuildFile; fileRef = 3A3FDD3B4BA84B3D5DB4C794 /* SizeBuilder.swift */; };
		7E85688826D75DBD9FC7D3CE /* InitializeVideoView.swift in Sources */ = {isa = PBXBuildFile; fileRef = 107EF3D6B2CF7D51A02420BF /* InitializeVideoView.swift */; };
		811890E475DFC308ED9D9468 /* VariationBuilder.swift in Sources */ = {isa = PBXBuildFile; fileRef = 8AB37078F9FDCA74B7429D5B /* VariationBuilder.swift */; };
		8293AF4116F299B899F34CEF /* NavigationRow.swift in Sources */ = {isa = PBXBuildFile; fileRef = A599F2B2596BDFF9A07A88C6 /* NavigationRow.swift */; };
		848764899D85BE9A892D92DB /* ProductHydrationViewController.swift in Sources */ = {isa = PBXBuildFile; fileRef = 72DE89EC23BE269DB869663A /* ProductHydrationViewController.swift */; };
		867D4DDF6FED7FAC9373D6AA /* Builder.swift in Sources */ = {isa = PBXBuildFile; fileRef = 6B5967E4E0F242B37840626E /* Builder.swift */; };
		9CD3A313D393F76E1EAC4A12 /* ExampleApp.swift in Sources */ = {isa = PBXBuildFile; fileRef = EC723A1E10FA76181B881533 /* ExampleApp.swift */; };
		9E4192AF595E1BBB91DE7624 /* HydratedProduct.swift in Sources */ = {isa = PBXBuildFile; fileRef = 351EBE93A7113C1A21698BAF /* HydratedProduct.swift */; };
		A79F8159FF9911A5F68F1425 /* ShoppableVideoWithSKUViewController.swift in Sources */ = {isa = PBXBuildFile; fileRef = 1220BB4538A9AA9EEABE330F /* ShoppableVideoWithSKUViewController.swift */; };
		A7DE51AF444E522EF1BFE2DF /* Assets.xcassets in Resources */ = {isa = PBXBuildFile; fileRef = 5C9BA92B4C370D66B9AB0595 /* Assets.xcassets */; };
		B64483798F0182500473EE37 /* ShoppableVideoViewController.swift in Sources */ = {isa = PBXBuildFile; fileRef = B9788774CDA21F4EBDFDF17C /* ShoppableVideoViewController.swift */; };
		B8BD814C849CFCDCBD4EB788 /* WishlistViewController.swift in Sources */ = {isa = PBXBuildFile; fileRef = 37B23C07E3E46332182D04E2 /* WishlistViewController.swift */; };
		B98B94312ECC0097108F849E /* InitializeVideoViewController.swift in Sources */ = {isa = PBXBuildFile; fileRef = 3E846729576A97B943BE4467 /* InitializeVideoViewController.swift */; };
		BA3D013A4250C3F6FF749348 /* ProductHydrationView.swift in Sources */ = {isa = PBXBuildFile; fileRef = 6749F6D53A0D01EFA4526375 /* ProductHydrationView.swift */; };
		C38EE6FA3E0A5DE891519262 /* Navigation.swift in Sources */ = {isa = PBXBuildFile; fileRef = C5A517B6A95AB927931CD8D0 /* Navigation.swift */; };
		C68349F63B28072A5943C151 /* ProductDetailView.swift in Sources */ = {isa = PBXBuildFile; fileRef = 2ADAF73D9685FA78841BB9DE /* ProductDetailView.swift */; };
		C8FBD74473B190275689D8AC /* Shows.swift in Sources */ = {isa = PBXBuildFile; fileRef = 1B0F886A4B9F82ED58CA27DC /* Shows.swift */; };
		D5FEE2F39861BF9A49B33324 /* EventHandlingView.swift in Sources */ = {isa = PBXBuildFile; fileRef = 4622AA47BC5883ECD39C9D7D /* EventHandlingView.swift */; };
		E5F39D1B0EF9FB1E041AA8C0 /* WishlistView.swift in Sources */ = {isa = PBXBuildFile; fileRef = 7D86FAE164DB89357F60D4D7 /* WishlistView.swift */; };
		EB265F27ECA9FDF0AA919EA9 /* ShoppableVideoPlaylistViewController.swift in Sources */ = {isa = PBXBuildFile; fileRef = 3A05870BC5E3C05CF95AF5E5 /* ShoppableVideoPlaylistViewController.swift */; };
		EC0F5BBE2FD9A454F0CA94BD /* Preview Assets.xcassets in Resources */ = {isa = PBXBuildFile; fileRef = C783A144FFAFC56CCFE28C0C /* Preview Assets.xcassets */; };
		F9BDCD8233D655F8EF3263A2 /* ProductBuilder.swift in Sources */ = {isa = PBXBuildFile; fileRef = 14B1AC5109C73A16AB29476A /* ProductBuilder.swift */; };
/* End PBXBuildFile section */

/* Begin PBXFileReference section */
		044B26A0BCB27E5A85DEEC1B /* EventHandlingViewController.swift */ = {isa = PBXFileReference; lastKnownFileType = sourcecode.swift; path = EventHandlingViewController.swift; sourceTree = "<group>"; };
		107EF3D6B2CF7D51A02420BF /* InitializeVideoView.swift */ = {isa = PBXFileReference; lastKnownFileType = sourcecode.swift; path = InitializeVideoView.swift; sourceTree = "<group>"; };
		1220BB4538A9AA9EEABE330F /* ShoppableVideoWithSKUViewController.swift */ = {isa = PBXFileReference; lastKnownFileType = sourcecode.swift; path = ShoppableVideoWithSKUViewController.swift; sourceTree = "<group>"; };
		13D7B51256ED5532ACABC004 /* HomeView.swift */ = {isa = PBXFileReference; lastKnownFileType = sourcecode.swift; path = HomeView.swift; sourceTree = "<group>"; };
		14B1AC5109C73A16AB29476A /* ProductBuilder.swift */ = {isa = PBXFileReference; lastKnownFileType = sourcecode.swift; path = ProductBuilder.swift; sourceTree = "<group>"; };
		1B0F886A4B9F82ED58CA27DC /* Shows.swift */ = {isa = PBXFileReference; lastKnownFileType = sourcecode.swift; path = Shows.swift; sourceTree = "<group>"; };
		2ADAF73D9685FA78841BB9DE /* ProductDetailView.swift */ = {isa = PBXFileReference; lastKnownFileType = sourcecode.swift; path = ProductDetailView.swift; sourceTree = "<group>"; };
		351EBE93A7113C1A21698BAF /* HydratedProduct.swift */ = {isa = PBXFileReference; lastKnownFileType = sourcecode.swift; path = HydratedProduct.swift; sourceTree = "<group>"; };
		37B23C07E3E46332182D04E2 /* WishlistViewController.swift */ = {isa = PBXFileReference; lastKnownFileType = sourcecode.swift; path = WishlistViewController.swift; sourceTree = "<group>"; };
		3A05870BC5E3C05CF95AF5E5 /* ShoppableVideoPlaylistViewController.swift */ = {isa = PBXFileReference; lastKnownFileType = sourcecode.swift; path = ShoppableVideoPlaylistViewController.swift; sourceTree = "<group>"; };
		3A3FDD3B4BA84B3D5DB4C794 /* SizeBuilder.swift */ = {isa = PBXFileReference; lastKnownFileType = sourcecode.swift; path = SizeBuilder.swift; sourceTree = "<group>"; };
		3E846729576A97B943BE4467 /* InitializeVideoViewController.swift */ = {isa = PBXFileReference; lastKnownFileType = sourcecode.swift; path = InitializeVideoViewController.swift; sourceTree = "<group>"; };
		428ACFD093BDCF94DB02069B /* ContentView.swift */ = {isa = PBXFileReference; lastKnownFileType = sourcecode.swift; path = ContentView.swift; sourceTree = "<group>"; };
		4622AA47BC5883ECD39C9D7D /* EventHandlingView.swift */ = {isa = PBXFileReference; lastKnownFileType = sourcecode.swift; path = EventHandlingView.swift; sourceTree = "<group>"; };
		48BCD410CD2F1C1D6F0141E3 /* ShoppableVideoPlaylistView.swift */ = {isa = PBXFileReference; lastKnownFileType = sourcecode.swift; path = ShoppableVideoPlaylistView.swift; sourceTree = "<group>"; };
		5C9BA92B4C370D66B9AB0595 /* Assets.xcassets */ = {isa = PBXFileReference; lastKnownFileType = folder.assetcatalog; path = Assets.xcassets; sourceTree = "<group>"; };
		6749F6D53A0D01EFA4526375 /* ProductHydrationView.swift */ = {isa = PBXFileReference; lastKnownFileType = sourcecode.swift; path = ProductHydrationView.swift; sourceTree = "<group>"; };
		6B5967E4E0F242B37840626E /* Builder.swift */ = {isa = PBXFileReference; lastKnownFileType = sourcecode.swift; path = Builder.swift; sourceTree = "<group>"; };
		72DE89EC23BE269DB869663A /* ProductHydrationViewController.swift */ = {isa = PBXFileReference; lastKnownFileType = sourcecode.swift; path = ProductHydrationViewController.swift; sourceTree = "<group>"; };
		78C6EDC7063566A5A217504F /* LiveVideoViews.swift */ = {isa = PBXFileReference; lastKnownFileType = sourcecode.swift; path = LiveVideoViews.swift; sourceTree = "<group>"; };
		7D86FAE164DB89357F60D4D7 /* WishlistView.swift */ = {isa = PBXFileReference; lastKnownFileType = sourcecode.swift; path = WishlistView.swift; sourceTree = "<group>"; };
		8205FEF0901C738A0CB05152 /* ShoppableVideoWithSKUViewRepresentable.swift */ = {isa = PBXFileReference; lastKnownFileType = sourcecode.swift; path = ShoppableVideoWithSKUViewRepresentable.swift; sourceTree = "<group>"; };
		8AB37078F9FDCA74B7429D5B /* VariationBuilder.swift */ = {isa = PBXFileReference; lastKnownFileType = sourcecode.swift; path = VariationBuilder.swift; sourceTree = "<group>"; };
		A599F2B2596BDFF9A07A88C6 /* NavigationRow.swift */ = {isa = PBXFileReference; lastKnownFileType = sourcecode.swift; path = NavigationRow.swift; sourceTree = "<group>"; };
		AE5C5D0C437A951D7C58A968 /* ProductHydrationDataSource.swift */ = {isa = PBXFileReference; lastKnownFileType = sourcecode.swift; path = ProductHydrationDataSource.swift; sourceTree = "<group>"; };
		B5B1CBDAC790B8A226DB6D4D /* ShoppableVideoViews.swift */ = {isa = PBXFileReference; lastKnownFileType = sourcecode.swift; path = ShoppableVideoViews.swift; sourceTree = "<group>"; };
		B9788774CDA21F4EBDFDF17C /* ShoppableVideoViewController.swift */ = {isa = PBXFileReference; lastKnownFileType = sourcecode.swift; path = ShoppableVideoViewController.swift; sourceTree = "<group>"; };
		BF1D93CEF93A3AAF04A58ADD /* demo.app */ = {isa = PBXFileReference; explicitFileType = wrapper.application; includeInIndex = 0; path = demo.app; sourceTree = BUILT_PRODUCTS_DIR; };
		BF280E002FD30A68F076AF6F /* ShoppableVideoViewRepresentable.swift */ = {isa = PBXFileReference; lastKnownFileType = sourcecode.swift; path = ShoppableVideoViewRepresentable.swift; sourceTree = "<group>"; };
		C1D1A9520B3C6ABF0CAAEBD4 /* Product.swift */ = {isa = PBXFileReference; lastKnownFileType = sourcecode.swift; path = Product.swift; sourceTree = "<group>"; };
		C5A517B6A95AB927931CD8D0 /* Navigation.swift */ = {isa = PBXFileReference; lastKnownFileType = sourcecode.swift; path = Navigation.swift; sourceTree = "<group>"; };
		C783A144FFAFC56CCFE28C0C /* Preview Assets.xcassets */ = {isa = PBXFileReference; lastKnownFileType = folder.assetcatalog; path = "Preview Assets.xcassets"; sourceTree = "<group>"; };
		E6CFD489F21785CD2DCC9D84 /* MockClientProduct.swift */ = {isa = PBXFileReference; lastKnownFileType = sourcecode.swift; path = MockClientProduct.swift; sourceTree = "<group>"; };
		EC723A1E10FA76181B881533 /* ExampleApp.swift */ = {isa = PBXFileReference; lastKnownFileType = sourcecode.swift; path = ExampleApp.swift; sourceTree = "<group>"; };
/* End PBXFileReference section */

/* Begin PBXFrameworksBuildPhase section */
		6E6B9F346C659D8521B66158 /* Frameworks */ = {
			isa = PBXFrameworksBuildPhase;
			buildActionMask = 2147483647;
			files = (
				3653621C2E81912500ECA778 /* BambuserCommerceSDK in Frameworks */,
			);
			runOnlyForDeploymentPostprocessing = 0;
		};
/* End PBXFrameworksBuildPhase section */

/* Begin PBXGroup section */
		089C0E30E4BA4DBFC7E4CFDE /* Functions - Product Hydration & Cart */ = {
			isa = PBXGroup;
			children = (
				6749F6D53A0D01EFA4526375 /* ProductHydrationView.swift */,
				72DE89EC23BE269DB869663A /* ProductHydrationViewController.swift */,
			);
			path = "Functions - Product Hydration & Cart";
			sourceTree = "<group>";
		};
		3031F8ABC084F8D43CC56342 /* Products */ = {
			isa = PBXGroup;
			children = (
				BF1D93CEF93A3AAF04A58ADD /* demo.app */,
			);
			name = Products;
			sourceTree = "<group>";
		};
		4F160DA0426D18FD4DFD3610 /* Example */ = {
			isa = PBXGroup;
			children = (
				B642E6C60D292FA364500F24 /* Main */,
				F312E3D139A512DA7D1ECE0B /* Resources */,
				70EF3423B130D3410039A2C6 /* Screens */,
			);
			path = Example;
			sourceTree = "<group>";
		};
		54E0667A38E60354DB90F776 = {
			isa = PBXGroup;
			children = (
				4F160DA0426D18FD4DFD3610 /* Example */,
				3031F8ABC084F8D43CC56342 /* Products */,
			);
			sourceTree = "<group>";
		};
		70EF3423B130D3410039A2C6 /* Screens */ = {
			isa = PBXGroup;
			children = (
				84205B30055D4371554E2163 /* Live Video Examples */,
				8F868A19B9F34AD9FAE3D097 /* Products */,
				E5CE7D8AF257CDC0B4197013 /* Shoppable Videos Examples */,
			);
			path = Screens;
			sourceTree = "<group>";
		};
		746CE1C2E412EA15DECF206E /* Fetch videos of playlist */ = {
			isa = PBXGroup;
			children = (
				48BCD410CD2F1C1D6F0141E3 /* ShoppableVideoPlaylistView.swift */,
				3A05870BC5E3C05CF95AF5E5 /* ShoppableVideoPlaylistViewController.swift */,
			);
			path = "Fetch videos of playlist";
			sourceTree = "<group>";
		};
		84205B30055D4371554E2163 /* Live Video Examples */ = {
			isa = PBXGroup;
			children = (
				089C0E30E4BA4DBFC7E4CFDE /* Functions - Product Hydration & Cart */,
				BD4C6AEC5E5822D42BCFCD32 /* Picture in Picture - Events Handling & Navigation */,
				9318646AE2D999D732EEAEAF /* Simple Video Player */,
				AC3C4131520CF14FE065350B /* Wishlist */,
			);
			path = "Live Video Examples";
			sourceTree = "<group>";
		};
		8F868A19B9F34AD9FAE3D097 /* Products */ = {
			isa = PBXGroup;
			children = (
				351EBE93A7113C1A21698BAF /* HydratedProduct.swift */,
				E6CFD489F21785CD2DCC9D84 /* MockClientProduct.swift */,
				C1D1A9520B3C6ABF0CAAEBD4 /* Product.swift */,
				AE5C5D0C437A951D7C58A968 /* ProductHydrationDataSource.swift */,
				EB814EA35E5CE6856F9B71C4 /* Builder */,
			);
			path = Products;
			sourceTree = "<group>";
		};
		9318646AE2D999D732EEAEAF /* Simple Video Player */ = {
			isa = PBXGroup;
			children = (
				107EF3D6B2CF7D51A02420BF /* InitializeVideoView.swift */,
				3E846729576A97B943BE4467 /* InitializeVideoViewController.swift */,
			);
			path = "Simple Video Player";
			sourceTree = "<group>";
		};
		A1D30AC32872A3FE7BF6883F /* Fetch videos with SKU */ = {
			isa = PBXGroup;
			children = (
				1220BB4538A9AA9EEABE330F /* ShoppableVideoWithSKUViewController.swift */,
				8205FEF0901C738A0CB05152 /* ShoppableVideoWithSKUViewRepresentable.swift */,
			);
			path = "Fetch videos with SKU";
			sourceTree = "<group>";
		};
		AC3C4131520CF14FE065350B /* Wishlist */ = {
			isa = PBXGroup;
			children = (
				7D86FAE164DB89357F60D4D7 /* WishlistView.swift */,
				37B23C07E3E46332182D04E2 /* WishlistViewController.swift */,
			);
			path = Wishlist;
			sourceTree = "<group>";
		};
		B642E6C60D292FA364500F24 /* Main */ = {
			isa = PBXGroup;
			children = (
				428ACFD093BDCF94DB02069B /* ContentView.swift */,
				EC723A1E10FA76181B881533 /* ExampleApp.swift */,
				13D7B51256ED5532ACABC004 /* HomeView.swift */,
				78C6EDC7063566A5A217504F /* LiveVideoViews.swift */,
				C5A517B6A95AB927931CD8D0 /* Navigation.swift */,
				A599F2B2596BDFF9A07A88C6 /* NavigationRow.swift */,
				B5B1CBDAC790B8A226DB6D4D /* ShoppableVideoViews.swift */,
			);
			path = Main;
			sourceTree = "<group>";
		};
		BD4C6AEC5E5822D42BCFCD32 /* Picture in Picture - Events Handling & Navigation */ = {
			isa = PBXGroup;
			children = (
				4622AA47BC5883ECD39C9D7D /* EventHandlingView.swift */,
				044B26A0BCB27E5A85DEEC1B /* EventHandlingViewController.swift */,
				2ADAF73D9685FA78841BB9DE /* ProductDetailView.swift */,
			);
			path = "Picture in Picture - Events Handling & Navigation";
			sourceTree = "<group>";
		};
		BE744DA5B462E3ACF983A1FE /* Fetch Single Video & Toggle Full Experience Mode */ = {
			isa = PBXGroup;
			children = (
				B9788774CDA21F4EBDFDF17C /* ShoppableVideoViewController.swift */,
				BF280E002FD30A68F076AF6F /* ShoppableVideoViewRepresentable.swift */,
			);
			path = "Fetch Single Video & Toggle Full Experience Mode";
			sourceTree = "<group>";
		};
		D34276DE4AD1ADE87F3E9332 /* Preview Content */ = {
			isa = PBXGroup;
			children = (
				C783A144FFAFC56CCFE28C0C /* Preview Assets.xcassets */,
			);
			path = "Preview Content";
			sourceTree = "<group>";
		};
		E5CE7D8AF257CDC0B4197013 /* Shoppable Videos Examples */ = {
			isa = PBXGroup;
			children = (
				BE744DA5B462E3ACF983A1FE /* Fetch Single Video & Toggle Full Experience Mode */,
				746CE1C2E412EA15DECF206E /* Fetch videos of playlist */,
				A1D30AC32872A3FE7BF6883F /* Fetch videos with SKU */,
			);
			path = "Shoppable Videos Examples";
			sourceTree = "<group>";
		};
		EB814EA35E5CE6856F9B71C4 /* Builder */ = {
			isa = PBXGroup;
			children = (
				6B5967E4E0F242B37840626E /* Builder.swift */,
				14B1AC5109C73A16AB29476A /* ProductBuilder.swift */,
				3A3FDD3B4BA84B3D5DB4C794 /* SizeBuilder.swift */,
				8AB37078F9FDCA74B7429D5B /* VariationBuilder.swift */,
			);
			path = Builder;
			sourceTree = "<group>";
		};
		F312E3D139A512DA7D1ECE0B /* Resources */ = {
			isa = PBXGroup;
			children = (
				5C9BA92B4C370D66B9AB0595 /* Assets.xcassets */,
				1B0F886A4B9F82ED58CA27DC /* Shows.swift */,
				D34276DE4AD1ADE87F3E9332 /* Preview Content */,
			);
			path = Resources;
			sourceTree = "<group>";
		};
/* End PBXGroup section */

/* Begin PBXNativeTarget section */
		44978700B0F7AE73C5FA4019 /* demo */ = {
			isa = PBXNativeTarget;
			buildConfigurationList = 50E4BAAE3F65BD6A64614098 /* Build configuration list for PBXNativeTarget "demo" */;
			buildPhases = (
				70120B342185F18D0CF9F4F9 /* Sources */,
				B1B87D51E655C65D463A7C12 /* Resources */,
				6E6B9F346C659D8521B66158 /* Frameworks */,
			);
			buildRules = (
			);
			dependencies = (
			);
			name = demo;
			packageProductDependencies = (
				3653621B2E81912500ECA778 /* BambuserCommerceSDK */,
			);
			productName = demo;
			productReference = BF1D93CEF93A3AAF04A58ADD /* demo.app */;
			productType = "com.apple.product-type.application";
		};
/* End PBXNativeTarget section */

/* Begin PBXProject section */
		CA8E1E974698BC95958F017F /* Project object */ = {
			isa = PBXProject;
			attributes = {
				BuildIndependentTargetsInParallel = YES;
				LastUpgradeCheck = 1620;
			};
			buildConfigurationList = 36FC72E69D906F48675C62BF /* Build configuration list for PBXProject "Example" */;
			compatibilityVersion = "Xcode 14.0";
			developmentRegion = en;
			hasScannedForEncodings = 0;
			knownRegions = (
				Base,
				en,
			);
			mainGroup = 54E0667A38E60354DB90F776;
			minimizedProjectReferenceProxies = 1;
			packageReferences = (
				3653621A2E81912500ECA778 /* XCRemoteSwiftPackageReference "bambuser-commerce-sdk-ios" */,
			);
			projectDirPath = "";
			projectRoot = "";
			targets = (
				44978700B0F7AE73C5FA4019 /* demo */,
			);
		};
/* End PBXProject section */

/* Begin PBXResourcesBuildPhase section */
		B1B87D51E655C65D463A7C12 /* Resources */ = {
			isa = PBXResourcesBuildPhase;
			buildActionMask = 2147483647;
			files = (
				A7DE51AF444E522EF1BFE2DF /* Assets.xcassets in Resources */,
				EC0F5BBE2FD9A454F0CA94BD /* Preview Assets.xcassets in Resources */,
			);
			runOnlyForDeploymentPostprocessing = 0;
		};
/* End PBXResourcesBuildPhase section */

/* Begin PBXSourcesBuildPhase section */
		70120B342185F18D0CF9F4F9 /* Sources */ = {
			isa = PBXSourcesBuildPhase;
			buildActionMask = 2147483647;
			files = (
				867D4DDF6FED7FAC9373D6AA /* Builder.swift in Sources */,
				72E5BF4493766B6D7BEAFB9E /* ContentView.swift in Sources */,
				D5FEE2F39861BF9A49B33324 /* EventHandlingView.swift in Sources */,
				6BDA1BA221124C42BF35FC8B /* EventHandlingViewController.swift in Sources */,
				9CD3A313D393F76E1EAC4A12 /* ExampleApp.swift in Sources */,
				5B9D7974E79CA70796A2D64D /* HomeView.swift in Sources */,
				9E4192AF595E1BBB91DE7624 /* HydratedProduct.swift in Sources */,
				7E85688826D75DBD9FC7D3CE /* InitializeVideoView.swift in Sources */,
				B98B94312ECC0097108F849E /* InitializeVideoViewController.swift in Sources */,
				090093AAB0C376A138D32BCC /* LiveVideoViews.swift in Sources */,
				31F0D246C2E427DD85EA01C3 /* MockClientProduct.swift in Sources */,
				C38EE6FA3E0A5DE891519262 /* Navigation.swift in Sources */,
				8293AF4116F299B899F34CEF /* NavigationRow.swift in Sources */,
				2262B7A5215B0586D393C197 /* Product.swift in Sources */,
				F9BDCD8233D655F8EF3263A2 /* ProductBuilder.swift in Sources */,
				C68349F63B28072A5943C151 /* ProductDetailView.swift in Sources */,
				0D7383C45C7ABE517C9DAC0C /* ProductHydrationDataSource.swift in Sources */,
				BA3D013A4250C3F6FF749348 /* ProductHydrationView.swift in Sources */,
				848764899D85BE9A892D92DB /* ProductHydrationViewController.swift in Sources */,
				28E6FF22F3B72252A26B25FA /* ShoppableVideoPlaylistView.swift in Sources */,
				EB265F27ECA9FDF0AA919EA9 /* ShoppableVideoPlaylistViewController.swift in Sources */,
				B64483798F0182500473EE37 /* ShoppableVideoViewController.swift in Sources */,
				2DEE6D690053A4141E62B24E /* ShoppableVideoViewRepresentable.swift in Sources */,
				1D9C7770BA885C2BA04BBE55 /* ShoppableVideoViews.swift in Sources */,
				A79F8159FF9911A5F68F1425 /* ShoppableVideoWithSKUViewController.swift in Sources */,
				2C64ADD37B412A75377C698D /* ShoppableVideoWithSKUViewRepresentable.swift in Sources */,
				C8FBD74473B190275689D8AC /* Shows.swift in Sources */,
				7921EF7160CDAB2FFCC5181E /* SizeBuilder.swift in Sources */,
				811890E475DFC308ED9D9468 /* VariationBuilder.swift in Sources */,
				E5F39D1B0EF9FB1E041AA8C0 /* WishlistView.swift in Sources */,
				B8BD814C849CFCDCBD4EB788 /* WishlistViewController.swift in Sources */,
			);
			runOnlyForDeploymentPostprocessing = 0;
		};
/* End PBXSourcesBuildPhase section */

/* Begin XCBuildConfiguration section */
		30FDC0052C8D60DA37FAEFCA /* Release */ = {
			isa = XCBuildConfiguration;
			buildSettings = {
				ASSETCATALOG_COMPILER_APPICON_NAME = AppIcon;
				CODE_SIGN_IDENTITY = "iPhone Developer";
				CURRENT_PROJECT_VERSION = 1;
				ENABLE_BITCODE = NO;
				GENERATE_INFOPLIST_FILE = YES;
				INFOPLIST_FILE = Example/Resources/Info.plist;
				INFOPLIST_KEY_UILaunchScreen_Generation = YES;
				IPHONEOS_DEPLOYMENT_TARGET = 16.6;
				LD_RUNPATH_SEARCH_PATHS = (
					"$(inherited)",
					"@executable_path/Frameworks",
				);
				MARKETING_VERSION = 1.0.0;
				OTHER_LDFLAGS = "-ObjC";
				PRODUCT_BUNDLE_IDENTIFIER = com.bambuser.commercesdk.demo;
				SDKROOT = iphoneos;
				TARGETED_DEVICE_FAMILY = "1,2";
			};
			name = Release;
		};
		398A5AFCD69E760DF19875AD /* Release */ = {
			isa = XCBuildConfiguration;
			buildSettings = {
				ALWAYS_SEARCH_USER_PATHS = NO;
				CLANG_ANALYZER_NONNULL = YES;
				CLANG_ANALYZER_NUMBER_OBJECT_CONVERSION = YES_AGGRESSIVE;
				CLANG_CXX_LANGUAGE_STANDARD = "gnu++14";
				CLANG_CXX_LIBRARY = "libc++";
				CLANG_ENABLE_MODULES = YES;
				CLANG_ENABLE_OBJC_ARC = YES;
				CLANG_ENABLE_OBJC_WEAK = YES;
				CLANG_WARN_BLOCK_CAPTURE_AUTORELEASING = YES;
				CLANG_WARN_BOOL_CONVERSION = YES;
				CLANG_WARN_COMMA = YES;
				CLANG_WARN_CONSTANT_CONVERSION = YES;
				CLANG_WARN_DEPRECATED_OBJC_IMPLEMENTATIONS = YES;
				CLANG_WARN_DIRECT_OBJC_ISA_USAGE = YES_ERROR;
				CLANG_WARN_DOCUMENTATION_COMMENTS = YES;
				CLANG_WARN_EMPTY_BODY = YES;
				CLANG_WARN_ENUM_CONVERSION = YES;
				CLANG_WARN_INFINITE_RECURSION = YES;
				CLANG_WARN_INT_CONVERSION = YES;
				CLANG_WARN_NON_LITERAL_NULL_CONVERSION = YES;
				CLANG_WARN_OBJC_IMPLICIT_RETAIN_SELF = YES;
				CLANG_WARN_OBJC_LITERAL_CONVERSION = YES;
				CLANG_WARN_OBJC_ROOT_CLASS = YES_ERROR;
				CLANG_WARN_QUOTED_INCLUDE_IN_FRAMEWORK_HEADER = YES;
				CLANG_WARN_RANGE_LOOP_ANALYSIS = YES;
				CLANG_WARN_STRICT_PROTOTYPES = YES;
				CLANG_WARN_SUSPICIOUS_MOVE = YES;
				CLANG_WARN_UNGUARDED_AVAILABILITY = YES_AGGRESSIVE;
				CLANG_WARN_UNREACHABLE_CODE = YES;
				CLANG_WARN__DUPLICATE_METHOD_MATCH = YES;
				COPY_PHASE_STRIP = NO;
				DEBUG_INFORMATION_FORMAT = "dwarf-with-dsym";
				ENABLE_NS_ASSERTIONS = NO;
				ENABLE_STRICT_OBJC_MSGSEND = YES;
				GCC_C_LANGUAGE_STANDARD = gnu11;
				GCC_NO_COMMON_BLOCKS = YES;
				GCC_WARN_64_TO_32_BIT_CONVERSION = YES;
				GCC_WARN_ABOUT_RETURN_TYPE = YES_ERROR;
				GCC_WARN_UNDECLARED_SELECTOR = YES;
				GCC_WARN_UNINITIALIZED_AUTOS = YES_AGGRESSIVE;
				GCC_WARN_UNUSED_FUNCTION = YES;
				GCC_WARN_UNUSED_VARIABLE = YES;
				MTL_ENABLE_DEBUG_INFO = NO;
				MTL_FAST_MATH = YES;
				PRODUCT_NAME = "$(TARGET_NAME)";
				SDKROOT = iphoneos;
				SWIFT_COMPILATION_MODE = wholemodule;
				SWIFT_OPTIMIZATION_LEVEL = "-O";
				SWIFT_VERSION = 5.0;
			};
			name = Release;
		};
		A3CAF2E80666A33EFA04B8CE /* Debug */ = {
			isa = XCBuildConfiguration;
			buildSettings = {
				ASSETCATALOG_COMPILER_APPICON_NAME = AppIcon;
				CODE_SIGN_IDENTITY = "iPhone Developer";
				CURRENT_PROJECT_VERSION = 1;
				ENABLE_BITCODE = NO;
				GENERATE_INFOPLIST_FILE = YES;
				INFOPLIST_FILE = Example/Resources/Info.plist;
				INFOPLIST_KEY_UILaunchScreen_Generation = YES;
				IPHONEOS_DEPLOYMENT_TARGET = 16.6;
				LD_RUNPATH_SEARCH_PATHS = (
					"$(inherited)",
					"@executable_path/Frameworks",
				);
				MARKETING_VERSION = 1.0.0;
				OTHER_LDFLAGS = "-ObjC";
				PRODUCT_BUNDLE_IDENTIFIER = com.bambuser.commercesdk.demo;
				SDKROOT = iphoneos;
				TARGETED_DEVICE_FAMILY = "1,2";
			};
			name = Debug;
		};
		F92DAFD0CD6CB829E820A349 /* Debug */ = {
			isa = XCBuildConfiguration;
			buildSettings = {
				ALWAYS_SEARCH_USER_PATHS = NO;
				CLANG_ANALYZER_NONNULL = YES;
				CLANG_ANALYZER_NUMBER_OBJECT_CONVERSION = YES_AGGRESSIVE;
				CLANG_CXX_LANGUAGE_STANDARD = "gnu++14";
				CLANG_CXX_LIBRARY = "libc++";
				CLANG_ENABLE_MODULES = YES;
				CLANG_ENABLE_OBJC_ARC = YES;
				CLANG_ENABLE_OBJC_WEAK = YES;
				CLANG_WARN_BLOCK_CAPTURE_AUTORELEASING = YES;
				CLANG_WARN_BOOL_CONVERSION = YES;
				CLANG_WARN_COMMA = YES;
				CLANG_WARN_CONSTANT_CONVERSION = YES;
				CLANG_WARN_DEPRECATED_OBJC_IMPLEMENTATIONS = YES;
				CLANG_WARN_DIRECT_OBJC_ISA_USAGE = YES_ERROR;
				CLANG_WARN_DOCUMENTATION_COMMENTS = YES;
				CLANG_WARN_EMPTY_BODY = YES;
				CLANG_WARN_ENUM_CONVERSION = YES;
				CLANG_WARN_INFINITE_RECURSION = YES;
				CLANG_WARN_INT_CONVERSION = YES;
				CLANG_WARN_NON_LITERAL_NULL_CONVERSION = YES;
				CLANG_WARN_OBJC_IMPLICIT_RETAIN_SELF = YES;
				CLANG_WARN_OBJC_LITERAL_CONVERSION = YES;
				CLANG_WARN_OBJC_ROOT_CLASS = YES_ERROR;
				CLANG_WARN_QUOTED_INCLUDE_IN_FRAMEWORK_HEADER = YES;
				CLANG_WARN_RANGE_LOOP_ANALYSIS = YES;
				CLANG_WARN_STRICT_PROTOTYPES = YES;
				CLANG_WARN_SUSPICIOUS_MOVE = YES;
				CLANG_WARN_UNGUARDED_AVAILABILITY = YES_AGGRESSIVE;
				CLANG_WARN_UNREACHABLE_CODE = YES;
				CLANG_WARN__DUPLICATE_METHOD_MATCH = YES;
				COPY_PHASE_STRIP = NO;
				DEBUG_INFORMATION_FORMAT = dwarf;
				ENABLE_STRICT_OBJC_MSGSEND = YES;
				ENABLE_TESTABILITY = YES;
				GCC_C_LANGUAGE_STANDARD = gnu11;
				GCC_DYNAMIC_NO_PIC = NO;
				GCC_NO_COMMON_BLOCKS = YES;
				GCC_OPTIMIZATION_LEVEL = 0;
				GCC_PREPROCESSOR_DEFINITIONS = (
					"$(inherited)",
					"DEBUG=1",
				);
				GCC_WARN_64_TO_32_BIT_CONVERSION = YES;
				GCC_WARN_ABOUT_RETURN_TYPE = YES_ERROR;
				GCC_WARN_UNDECLARED_SELECTOR = YES;
				GCC_WARN_UNINITIALIZED_AUTOS = YES_AGGRESSIVE;
				GCC_WARN_UNUSED_FUNCTION = YES;
				GCC_WARN_UNUSED_VARIABLE = YES;
				MTL_ENABLE_DEBUG_INFO = INCLUDE_SOURCE;
				MTL_FAST_MATH = YES;
				ONLY_ACTIVE_ARCH = YES;
				PRODUCT_NAME = "$(TARGET_NAME)";
				SDKROOT = iphoneos;
				SWIFT_ACTIVE_COMPILATION_CONDITIONS = DEBUG;
				SWIFT_OPTIMIZATION_LEVEL = "-Onone";
				SWIFT_VERSION = 5.0;
			};
			name = Debug;
		};
/* End XCBuildConfiguration section */

/* Begin XCConfigurationList section */
		36FC72E69D906F48675C62BF /* Build configuration list for PBXProject "Example" */ = {
			isa = XCConfigurationList;
			buildConfigurations = (
				F92DAFD0CD6CB829E820A349 /* Debug */,
				398A5AFCD69E760DF19875AD /* Release */,
			);
			defaultConfigurationIsVisible = 0;
			defaultConfigurationName = Debug;
		};
		50E4BAAE3F65BD6A64614098 /* Build configuration list for PBXNativeTarget "demo" */ = {
			isa = XCConfigurationList;
			buildConfigurations = (
				A3CAF2E80666A33EFA04B8CE /* Debug */,
				30FDC0052C8D60DA37FAEFCA /* Release */,
			);
			defaultConfigurationIsVisible = 0;
			defaultConfigurationName = Debug;
		};
/* End XCConfigurationList section */

/* Begin XCRemoteSwiftPackageReference section */
		3653621A2E81912500ECA778 /* XCRemoteSwiftPackageReference "bambuser-commerce-sdk-ios" */ = {
			isa = XCRemoteSwiftPackageReference;
			repositoryURL = "https://github.com/bambuser/bambuser-commerce-sdk-ios/";
			requirement = {
				kind = upToNextMajorVersion;
				minimumVersion = 2.0.1;
			};
		};
/* End XCRemoteSwiftPackageReference section */

/* Begin XCSwiftPackageProductDependency section */
		3653621B2E81912500ECA778 /* BambuserCommerceSDK */ = {
			isa = XCSwiftPackageProductDependency;
			package = 3653621A2E81912500ECA778 /* XCRemoteSwiftPackageReference "bambuser-commerce-sdk-ios" */;
			productName = BambuserCommerceSDK;
		};
/* End XCSwiftPackageProductDependency section */
	};
	rootObject = CA8E1E974698BC95958F017F /* Project object */;
}
