// !$*UTF8*$!
{
	archiveVersion = 1;
	classes = {
	};
	objectVersion = 63;
	objects = {

/* Begin PBXBuildFile section */
		0D7383C45C7ABE517C9DAC0C /* ProductHydrationDataSource.swift in Sources */ = {isa = PBXBuildFile; fileRef = AE5C5D0C437A951D7C58A968 /* ProductHydrationDataSource.swift */; };
		2262B7A5215B0586D393C197 /* Product.swift in Sources */ = {isa = PBXBuildFile; fileRef = C1D1A9520B3C6ABF0CAAEBD4 /* Product.swift */; };
		23F524C1A37D452C8AF4C336 /* RootView.swift in Sources */ = {isa = PBXBuildFile; fileRef = 78B244A2A1249580339CF9DB /* RootView.swift */; };
		26FBF0CE84CF56223BCE6DEA /* BambuserVideoController.swift in Sources */ = {isa = PBXBuildFile; fileRef = 838341F7888E1A0E7F29F68C /* BambuserVideoController.swift */; };
		2E4F641211E6C2F54E3F9040 /* BambuserVideoView.swift in Sources */ = {isa = PBXBuildFile; fileRef = 46EA82D44AB15218A0D8A0B9 /* BambuserVideoView.swift */; };
		31F0D246C2E427DD85EA01C3 /* MockClientProduct.swift in Sources */ = {isa = PBXBuildFile; fileRef = E6CFD489F21785CD2DCC9D84 /* MockClientProduct.swift */; };
		437DD48C73DF5EA79ADA7E32 /* WebPageView.swift in Sources */ = {isa = PBXBuildFile; fileRef = F622B2963FD51CD2B6DD7C0F /* WebPageView.swift */; };
		5A25A7715622CAF92CD7CB20 /* CartViewModel.swift in Sources */ = {isa = PBXBuildFile; fileRef = 008DBDDA8DD2A1FD17A865A3 /* CartViewModel.swift */; };
		5A4E4F74D8396389D70091D3 /* CartView.swift in Sources */ = {isa = PBXBuildFile; fileRef = 42D6EC734DF5D0D3530695F1 /* CartView.swift */; };
		68A0B28D974FDC9B1BC53684 /* Environment.swift in Sources */ = {isa = PBXBuildFile; fileRef = B0CEBB3EA1B547F6BBD42638 /* Environment.swift */; };
		7921EF7160CDAB2FFCC5181E /* SizeBuilder.swift in Sources */ = {isa = PBXBuildFile; fileRef = 3A3FDD3B4BA84B3D5DB4C794 /* SizeBuilder.swift */; };
		7A9FD6939207915E0B13A2F6 /* BambuserFeedView.swift in Sources */ = {isa = PBXBuildFile; fileRef = 5A5EA5C0F1D0BD3FA31A9B82 /* BambuserFeedView.swift */; };
		811890E475DFC308ED9D9468 /* VariationBuilder.swift in Sources */ = {isa = PBXBuildFile; fileRef = 8AB37078F9FDCA74B7429D5B /* VariationBuilder.swift */; };
		8293AF4116F299B899F34CEF /* NavigationRow.swift in Sources */ = {isa = PBXBuildFile; fileRef = A599F2B2596BDFF9A07A88C6 /* NavigationRow.swift */; };
		867D4DDF6FED7FAC9373D6AA /* Builder.swift in Sources */ = {isa = PBXBuildFile; fileRef = 6B5967E4E0F242B37840626E /* Builder.swift */; };
		8A88D448C6225DADCF2A99CA /* Storage.swift in Sources */ = {isa = PBXBuildFile; fileRef = BE47E25A9F90C2BBB7DC21B9 /* Storage.swift */; };
		8FA73C139F8E4018B1E83A5D /* DataModels.swift in Sources */ = {isa = PBXBuildFile; fileRef = 9CDDAB6A8501C875A66AFA02 /* DataModels.swift */; };
		9960116AF33DFEC5BF4F11BD /* LiveView.swift in Sources */ = {isa = PBXBuildFile; fileRef = B552F866DF963A0A7468A0DB /* LiveView.swift */; };
		9CD3A313D393F76E1EAC4A12 /* ExampleApp.swift in Sources */ = {isa = PBXBuildFile; fileRef = EC723A1E10FA76181B881533 /* ExampleApp.swift */; };
		9E4192AF595E1BBB91DE7624 /* HydratedProduct.swift in Sources */ = {isa = PBXBuildFile; fileRef = 351EBE93A7113C1A21698BAF /* HydratedProduct.swift */; };
		A55C1F59B357C4F38F619CD2 /* FeedViewController.swift in Sources */ = {isa = PBXBuildFile; fileRef = EA7071C6332BA84BB9877D3B /* FeedViewController.swift */; };
		A7DE51AF444E522EF1BFE2DF /* Assets.xcassets in Resources */ = {isa = PBXBuildFile; fileRef = 5C9BA92B4C370D66B9AB0595 /* Assets.xcassets */; };
		C38EE6FA3E0A5DE891519262 /* Navigation.swift in Sources */ = {isa = PBXBuildFile; fileRef = C5A517B6A95AB927931CD8D0 /* Navigation.swift */; };
		C8FBD74473B190275689D8AC /* Shows.swift in Sources */ = {isa = PBXBuildFile; fileRef = 1B0F886A4B9F82ED58CA27DC /* Shows.swift */; };
		C9A7FFCAD07D280F1416398F /* WishlistViewModel.swift in Sources */ = {isa = PBXBuildFile; fileRef = 523AFCB21C23E80513823BEC /* WishlistViewModel.swift */; };
		EC0F5BBE2FD9A454F0CA94BD /* Preview Assets.xcassets in Resources */ = {isa = PBXBuildFile; fileRef = C783A144FFAFC56CCFE28C0C /* Preview Assets.xcassets */; };
		F0DA770994F880A308C23AC1 /* BambuserCommerceSDK in Frameworks */ = {isa = PBXBuildFile; productRef = 8D02914874D2DA3615D1162D /* BambuserCommerceSDK */; };
		F2A45B38C7612FFF0EED2716 /* WishlistView.swift in Sources */ = {isa = PBXBuildFile; fileRef = 88DBEBF120797164A20B6D96 /* WishlistView.swift */; };
		F9BDCD8233D655F8EF3263A2 /* ProductBuilder.swift in Sources */ = {isa = PBXBuildFile; fileRef = 14B1AC5109C73A16AB29476A /* ProductBuilder.swift */; };
		FC8416392C1C19BFEB655A56 /* LiveViewModel.swift in Sources */ = {isa = PBXBuildFile; fileRef = E830AAB18D5A10EEE47F4DBC /* LiveViewModel.swift */; };
/* End PBXBuildFile section */

/* Begin PBXFileReference section */
		008DBDDA8DD2A1FD17A865A3 /* CartViewModel.swift */ = {isa = PBXFileReference; lastKnownFileType = sourcecode.swift; path = CartViewModel.swift; sourceTree = "<group>"; };
		14B1AC5109C73A16AB29476A /* ProductBuilder.swift */ = {isa = PBXFileReference; lastKnownFileType = sourcecode.swift; path = ProductBuilder.swift; sourceTree = "<group>"; };
		1B0F886A4B9F82ED58CA27DC /* Shows.swift */ = {isa = PBXFileReference; lastKnownFileType = sourcecode.swift; path = Shows.swift; sourceTree = "<group>"; };
		351EBE93A7113C1A21698BAF /* HydratedProduct.swift */ = {isa = PBXFileReference; lastKnownFileType = sourcecode.swift; path = HydratedProduct.swift; sourceTree = "<group>"; };
		3A3FDD3B4BA84B3D5DB4C794 /* SizeBuilder.swift */ = {isa = PBXFileReference; lastKnownFileType = sourcecode.swift; path = SizeBuilder.swift; sourceTree = "<group>"; };
		42D6EC734DF5D0D3530695F1 /* CartView.swift */ = {isa = PBXFileReference; lastKnownFileType = sourcecode.swift; path = CartView.swift; sourceTree = "<group>"; };
		46EA82D44AB15218A0D8A0B9 /* BambuserVideoView.swift */ = {isa = PBXFileReference; lastKnownFileType = sourcecode.swift; path = BambuserVideoView.swift; sourceTree = "<group>"; };
		523AFCB21C23E80513823BEC /* WishlistViewModel.swift */ = {isa = PBXFileReference; lastKnownFileType = sourcecode.swift; path = WishlistViewModel.swift; sourceTree = "<group>"; };
		5A5EA5C0F1D0BD3FA31A9B82 /* BambuserFeedView.swift */ = {isa = PBXFileReference; lastKnownFileType = sourcecode.swift; path = BambuserFeedView.swift; sourceTree = "<group>"; };
		5C9BA92B4C370D66B9AB0595 /* Assets.xcassets */ = {isa = PBXFileReference; lastKnownFileType = folder.assetcatalog; path = Assets.xcassets; sourceTree = "<group>"; };
		6B5967E4E0F242B37840626E /* Builder.swift */ = {isa = PBXFileReference; lastKnownFileType = sourcecode.swift; path = Builder.swift; sourceTree = "<group>"; };
		78B244A2A1249580339CF9DB /* RootView.swift */ = {isa = PBXFileReference; lastKnownFileType = sourcecode.swift; path = RootView.swift; sourceTree = "<group>"; };
		838341F7888E1A0E7F29F68C /* BambuserVideoController.swift */ = {isa = PBXFileReference; lastKnownFileType = sourcecode.swift; path = BambuserVideoController.swift; sourceTree = "<group>"; };
		88DBEBF120797164A20B6D96 /* WishlistView.swift */ = {isa = PBXFileReference; lastKnownFileType = sourcecode.swift; path = WishlistView.swift; sourceTree = "<group>"; };
		8AB37078F9FDCA74B7429D5B /* VariationBuilder.swift */ = {isa = PBXFileReference; lastKnownFileType = sourcecode.swift; path = VariationBuilder.swift; sourceTree = "<group>"; };
		9CDDAB6A8501C875A66AFA02 /* DataModels.swift */ = {isa = PBXFileReference; lastKnownFileType = sourcecode.swift; path = DataModels.swift; sourceTree = "<group>"; };
		A599F2B2596BDFF9A07A88C6 /* NavigationRow.swift */ = {isa = PBXFileReference; lastKnownFileType = sourcecode.swift; path = NavigationRow.swift; sourceTree = "<group>"; };
		AE5C5D0C437A951D7C58A968 /* ProductHydrationDataSource.swift */ = {isa = PBXFileReference; lastKnownFileType = sourcecode.swift; path = ProductHydrationDataSource.swift; sourceTree = "<group>"; };
		B0CEBB3EA1B547F6BBD42638 /* Environment.swift */ = {isa = PBXFileReference; lastKnownFileType = sourcecode.swift; path = Environment.swift; sourceTree = "<group>"; };
		B552F866DF963A0A7468A0DB /* LiveView.swift */ = {isa = PBXFileReference; lastKnownFileType = sourcecode.swift; path = LiveView.swift; sourceTree = "<group>"; };
		BE47E25A9F90C2BBB7DC21B9 /* Storage.swift */ = {isa = PBXFileReference; lastKnownFileType = sourcecode.swift; path = Storage.swift; sourceTree = "<group>"; };
		BF1D93CEF93A3AAF04A58ADD /* demo.app */ = {isa = PBXFileReference; explicitFileType = wrapper.application; includeInIndex = 0; path = demo.app; sourceTree = BUILT_PRODUCTS_DIR; };
		C1D1A9520B3C6ABF0CAAEBD4 /* Product.swift */ = {isa = PBXFileReference; lastKnownFileType = sourcecode.swift; path = Product.swift; sourceTree = "<group>"; };
		C5A517B6A95AB927931CD8D0 /* Navigation.swift */ = {isa = PBXFileReference; lastKnownFileType = sourcecode.swift; path = Navigation.swift; sourceTree = "<group>"; };
		C783A144FFAFC56CCFE28C0C /* Preview Assets.xcassets */ = {isa = PBXFileReference; lastKnownFileType = folder.assetcatalog; path = "Preview Assets.xcassets"; sourceTree = "<group>"; };
		E6CFD489F21785CD2DCC9D84 /* MockClientProduct.swift */ = {isa = PBXFileReference; lastKnownFileType = sourcecode.swift; path = MockClientProduct.swift; sourceTree = "<group>"; };
		E830AAB18D5A10EEE47F4DBC /* LiveViewModel.swift */ = {isa = PBXFileReference; lastKnownFileType = sourcecode.swift; path = LiveViewModel.swift; sourceTree = "<group>"; };
		EA7071C6332BA84BB9877D3B /* FeedViewController.swift */ = {isa = PBXFileReference; lastKnownFileType = sourcecode.swift; path = FeedViewController.swift; sourceTree = "<group>"; };
		EC723A1E10FA76181B881533 /* ExampleApp.swift */ = {isa = PBXFileReference; lastKnownFileType = sourcecode.swift; path = ExampleApp.swift; sourceTree = "<group>"; };
		F622B2963FD51CD2B6DD7C0F /* WebPageView.swift */ = {isa = PBXFileReference; lastKnownFileType = sourcecode.swift; path = WebPageView.swift; sourceTree = "<group>"; };
/* End PBXFileReference section */

/* Begin PBXFrameworksBuildPhase section */
		6E6B9F346C659D8521B66158 /* Frameworks */ = {
			isa = PBXFrameworksBuildPhase;
			buildActionMask = 2147483647;
			files = (
				F0DA770994F880A308C23AC1 /* BambuserCommerceSDK in Frameworks */,
			);
			runOnlyForDeploymentPostprocessing = 0;
		};
/* End PBXFrameworksBuildPhase section */

/* Begin PBXGroup section */
		3031F8ABC084F8D43CC56342 /* Products */ = {
			isa = PBXGroup;
			children = (
				BF1D93CEF93A3AAF04A58ADD /* demo.app */,
			);
			name = Products;
			sourceTree = "<group>";
		};
		39129B1376BDCACDAA0F8A9D /* Wishlist */ = {
			isa = PBXGroup;
			children = (
				88DBEBF120797164A20B6D96 /* WishlistView.swift */,
				523AFCB21C23E80513823BEC /* WishlistViewModel.swift */,
			);
			path = Wishlist;
			sourceTree = "<group>";
		};
		4F160DA0426D18FD4DFD3610 /* Example */ = {
			isa = PBXGroup;
			children = (
				B642E6C60D292FA364500F24 /* Main */,
				F312E3D139A512DA7D1ECE0B /* Resources */,
				70EF3423B130D3410039A2C6 /* Screens */,
			);
			path = Example;
			sourceTree = "<group>";
		};
		54E0667A38E60354DB90F776 = {
			isa = PBXGroup;
			children = (
				4F160DA0426D18FD4DFD3610 /* Example */,
				3031F8ABC084F8D43CC56342 /* Products */,
			);
			sourceTree = "<group>";
		};
		70EF3423B130D3410039A2C6 /* Screens */ = {
			isa = PBXGroup;
			children = (
				A13752032ACB9A0A41269891 /* DemoApp */,
				8F868A19B9F34AD9FAE3D097 /* Products */,
			);
			path = Screens;
			sourceTree = "<group>";
		};
		83EE945A041903A048F7772E /* ShoppableVideo */ = {
			isa = PBXGroup;
			children = (
				5A5EA5C0F1D0BD3FA31A9B82 /* BambuserFeedView.swift */,
				EA7071C6332BA84BB9877D3B /* FeedViewController.swift */,
			);
			path = ShoppableVideo;
			sourceTree = "<group>";
		};
		856F81EC13C28915F840C316 /* Live */ = {
			isa = PBXGroup;
			children = (
				838341F7888E1A0E7F29F68C /* BambuserVideoController.swift */,
				46EA82D44AB15218A0D8A0B9 /* BambuserVideoView.swift */,
				9CDDAB6A8501C875A66AFA02 /* DataModels.swift */,
				B552F866DF963A0A7468A0DB /* LiveView.swift */,
				E830AAB18D5A10EEE47F4DBC /* LiveViewModel.swift */,
			);
			path = Live;
			sourceTree = "<group>";
		};
		8F1840E025406F6A130512C5 /* Cart */ = {
			isa = PBXGroup;
			children = (
				42D6EC734DF5D0D3530695F1 /* CartView.swift */,
				008DBDDA8DD2A1FD17A865A3 /* CartViewModel.swift */,
			);
			path = Cart;
			sourceTree = "<group>";
		};
		8F868A19B9F34AD9FAE3D097 /* Products */ = {
			isa = PBXGroup;
			children = (
				351EBE93A7113C1A21698BAF /* HydratedProduct.swift */,
				E6CFD489F21785CD2DCC9D84 /* MockClientProduct.swift */,
				C1D1A9520B3C6ABF0CAAEBD4 /* Product.swift */,
				AE5C5D0C437A951D7C58A968 /* ProductHydrationDataSource.swift */,
				EB814EA35E5CE6856F9B71C4 /* Builder */,
			);
			path = Products;
			sourceTree = "<group>";
		};
		A13752032ACB9A0A41269891 /* DemoApp */ = {
			isa = PBXGroup;
			children = (
				78B244A2A1249580339CF9DB /* RootView.swift */,
				BE47E25A9F90C2BBB7DC21B9 /* Storage.swift */,
				F622B2963FD51CD2B6DD7C0F /* WebPageView.swift */,
				8F1840E025406F6A130512C5 /* Cart */,
				856F81EC13C28915F840C316 /* Live */,
				83EE945A041903A048F7772E /* ShoppableVideo */,
				39129B1376BDCACDAA0F8A9D /* Wishlist */,
			);
			path = DemoApp;
			sourceTree = "<group>";
		};
		B642E6C60D292FA364500F24 /* Main */ = {
			isa = PBXGroup;
			children = (
				EC723A1E10FA76181B881533 /* ExampleApp.swift */,
				C5A517B6A95AB927931CD8D0 /* Navigation.swift */,
				A599F2B2596BDFF9A07A88C6 /* NavigationRow.swift */,
			);
			path = Main;
			sourceTree = "<group>";
		};
		D34276DE4AD1ADE87F3E9332 /* Preview Content */ = {
			isa = PBXGroup;
			children = (
				C783A144FFAFC56CCFE28C0C /* Preview Assets.xcassets */,
			);
			path = "Preview Content";
			sourceTree = "<group>";
		};
		EB814EA35E5CE6856F9B71C4 /* Builder */ = {
			isa = PBXGroup;
			children = (
				6B5967E4E0F242B37840626E /* Builder.swift */,
				14B1AC5109C73A16AB29476A /* ProductBuilder.swift */,
				3A3FDD3B4BA84B3D5DB4C794 /* SizeBuilder.swift */,
				8AB37078F9FDCA74B7429D5B /* VariationBuilder.swift */,
			);
			path = Builder;
			sourceTree = "<group>";
		};
		F312E3D139A512DA7D1ECE0B /* Resources */ = {
			isa = PBXGroup;
			children = (
				5C9BA92B4C370D66B9AB0595 /* Assets.xcassets */,
				B0CEBB3EA1B547F6BBD42638 /* Environment.swift */,
				1B0F886A4B9F82ED58CA27DC /* Shows.swift */,
				D34276DE4AD1ADE87F3E9332 /* Preview Content */,
			);
			path = Resources;
			sourceTree = "<group>";
		};
/* End PBXGroup section */

/* Begin PBXNativeTarget section */
		44978700B0F7AE73C5FA4019 /* demo */ = {
			isa = PBXNativeTarget;
			buildConfigurationList = 50E4BAAE3F65BD6A64614098 /* Build configuration list for PBXNativeTarget "demo" */;
			buildPhases = (
				70120B342185F18D0CF9F4F9 /* Sources */,
				B1B87D51E655C65D463A7C12 /* Resources */,
				6E6B9F346C659D8521B66158 /* Frameworks */,
			);
			buildRules = (
			);
			dependencies = (
			);
			name = demo;
			packageProductDependencies = (
				8D02914874D2DA3615D1162D /* BambuserCommerceSDK */,
			);
			productName = demo;
			productReference = BF1D93CEF93A3AAF04A58ADD /* demo.app */;
			productType = "com.apple.product-type.application";
		};
/* End PBXNativeTarget section */

/* Begin PBXProject section */
		CA8E1E974698BC95958F017F /* Project object */ = {
			isa = PBXProject;
			attributes = {
				BuildIndependentTargetsInParallel = YES;
				LastUpgradeCheck = 1620;
			};
			buildConfigurationList = 36FC72E69D906F48675C62BF /* Build configuration list for PBXProject "Example" */;
			compatibilityVersion = "Xcode 14.0";
			developmentRegion = en;
			hasScannedForEncodings = 0;
			knownRegions = (
				Base,
				en,
			);
			mainGroup = 54E0667A38E60354DB90F776;
			minimizedProjectReferenceProxies = 1;
			packageReferences = (
				AF4C6D5A6FB659DB1E3FFC6D /* XCRemoteSwiftPackageReference "bambuser-commerce-sdk-ios" */,
			);
			projectDirPath = "";
			projectRoot = "";
			targets = (
				44978700B0F7AE73C5FA4019 /* demo */,
			);
		};
/* End PBXProject section */

/* Begin PBXResourcesBuildPhase section */
		B1B87D51E655C65D463A7C12 /* Resources */ = {
			isa = PBXResourcesBuildPhase;
			buildActionMask = 2147483647;
			files = (
				A7DE51AF444E522EF1BFE2DF /* Assets.xcassets in Resources */,
				EC0F5BBE2FD9A454F0CA94BD /* Preview Assets.xcassets in Resources */,
			);
			runOnlyForDeploymentPostprocessing = 0;
		};
/* End PBXResourcesBuildPhase section */

/* Begin PBXSourcesBuildPhase section */
		70120B342185F18D0CF9F4F9 /* Sources */ = {
			isa = PBXSourcesBuildPhase;
			buildActionMask = 2147483647;
			files = (
				7A9FD6939207915E0B13A2F6 /* BambuserFeedView.swift in Sources */,
				26FBF0CE84CF56223BCE6DEA /* BambuserVideoController.swift in Sources */,
				2E4F641211E6C2F54E3F9040 /* BambuserVideoView.swift in Sources */,
				867D4DDF6FED7FAC9373D6AA /* Builder.swift in Sources */,
				5A4E4F74D8396389D70091D3 /* CartView.swift in Sources */,
				5A25A7715622CAF92CD7CB20 /* CartViewModel.swift in Sources */,
				8FA73C139F8E4018B1E83A5D /* DataModels.swift in Sources */,
				68A0B28D974FDC9B1BC53684 /* Environment.swift in Sources */,
				9CD3A313D393F76E1EAC4A12 /* ExampleApp.swift in Sources */,
				A55C1F59B357C4F38F619CD2 /* FeedViewController.swift in Sources */,
				9E4192AF595E1BBB91DE7624 /* HydratedProduct.swift in Sources */,
				9960116AF33DFEC5BF4F11BD /* LiveView.swift in Sources */,
				FC8416392C1C19BFEB655A56 /* LiveViewModel.swift in Sources */,
				31F0D246C2E427DD85EA01C3 /* MockClientProduct.swift in Sources */,
				C38EE6FA3E0A5DE891519262 /* Navigation.swift in Sources */,
				8293AF4116F299B899F34CEF /* NavigationRow.swift in Sources */,
				2262B7A5215B0586D393C197 /* Product.swift in Sources */,
				F9BDCD8233D655F8EF3263A2 /* ProductBuilder.swift in Sources */,
				0D7383C45C7ABE517C9DAC0C /* ProductHydrationDataSource.swift in Sources */,
				23F524C1A37D452C8AF4C336 /* RootView.swift in Sources */,
				C8FBD74473B190275689D8AC /* Shows.swift in Sources */,
				7921EF7160CDAB2FFCC5181E /* SizeBuilder.swift in Sources */,
				8A88D448C6225DADCF2A99CA /* Storage.swift in Sources */,
				811890E475DFC308ED9D9468 /* VariationBuilder.swift in Sources */,
				437DD48C73DF5EA79ADA7E32 /* WebPageView.swift in Sources */,
				F2A45B38C7612FFF0EED2716 /* WishlistView.swift in Sources */,
				C9A7FFCAD07D280F1416398F /* WishlistViewModel.swift in Sources */,
			);
			runOnlyForDeploymentPostprocessing = 0;
		};
/* End PBXSourcesBuildPhase section */

/* Begin XCBuildConfiguration section */
		30FDC0052C8D60DA37FAEFCA /* Release */ = {
			isa = XCBuildConfiguration;
			buildSettings = {
				ASSETCATALOG_COMPILER_APPICON_NAME = AppIcon;
				CODE_SIGN_IDENTITY = "iPhone Developer";
				CURRENT_PROJECT_VERSION = 1;
				ENABLE_BITCODE = NO;
				GENERATE_INFOPLIST_FILE = YES;
				INFOPLIST_FILE = Example/Resources/Info.plist;
				INFOPLIST_KEY_UILaunchScreen_Generation = YES;
				IPHONEOS_DEPLOYMENT_TARGET = 17.6;
				LD_RUNPATH_SEARCH_PATHS = (
					"$(inherited)",
					"@executable_path/Frameworks",
				);
				MARKETING_VERSION = 1.0.0;
				OTHER_LDFLAGS = "-ObjC";
				PRODUCT_BUNDLE_IDENTIFIER = com.bambuser.commercesdk.demo;
				SDKROOT = iphoneos;
				TARGETED_DEVICE_FAMILY = "1,2";
			};
			name = Release;
		};
		398A5AFCD69E760DF19875AD /* Release */ = {
			isa = XCBuildConfiguration;
			buildSettings = {
				ALWAYS_SEARCH_USER_PATHS = NO;
				CLANG_ANALYZER_NONNULL = YES;
				CLANG_ANALYZER_NUMBER_OBJECT_CONVERSION = YES_AGGRESSIVE;
				CLANG_CXX_LANGUAGE_STANDARD = "gnu++14";
				CLANG_CXX_LIBRARY = "libc++";
				CLANG_ENABLE_MODULES = YES;
				CLANG_ENABLE_OBJC_ARC = YES;
				CLANG_ENABLE_OBJC_WEAK = YES;
				CLANG_WARN_BLOCK_CAPTURE_AUTORELEASING = YES;
				CLANG_WARN_BOOL_CONVERSION = YES;
				CLANG_WARN_COMMA = YES;
				CLANG_WARN_CONSTANT_CONVERSION = YES;
				CLANG_WARN_DEPRECATED_OBJC_IMPLEMENTATIONS = YES;
				CLANG_WARN_DIRECT_OBJC_ISA_USAGE = YES_ERROR;
				CLANG_WARN_DOCUMENTATION_COMMENTS = YES;
				CLANG_WARN_EMPTY_BODY = YES;
				CLANG_WARN_ENUM_CONVERSION = YES;
				CLANG_WARN_INFINITE_RECURSION = YES;
				CLANG_WARN_INT_CONVERSION = YES;
				CLANG_WARN_NON_LITERAL_NULL_CONVERSION = YES;
				CLANG_WARN_OBJC_IMPLICIT_RETAIN_SELF = YES;
				CLANG_WARN_OBJC_LITERAL_CONVERSION = YES;
				CLANG_WARN_OBJC_ROOT_CLASS = YES_ERROR;
				CLANG_WARN_QUOTED_INCLUDE_IN_FRAMEWORK_HEADER = YES;
				CLANG_WARN_RANGE_LOOP_ANALYSIS = YES;
				CLANG_WARN_STRICT_PROTOTYPES = YES;
				CLANG_WARN_SUSPICIOUS_MOVE = YES;
				CLANG_WARN_UNGUARDED_AVAILABILITY = YES_AGGRESSIVE;
				CLANG_WARN_UNREACHABLE_CODE = YES;
				CLANG_WARN__DUPLICATE_METHOD_MATCH = YES;
				COPY_PHASE_STRIP = NO;
				DEBUG_INFORMATION_FORMAT = "dwarf-with-dsym";
				ENABLE_NS_ASSERTIONS = NO;
				ENABLE_STRICT_OBJC_MSGSEND = YES;
				GCC_C_LANGUAGE_STANDARD = gnu11;
				GCC_NO_COMMON_BLOCKS = YES;
				GCC_WARN_64_TO_32_BIT_CONVERSION = YES;
				GCC_WARN_ABOUT_RETURN_TYPE = YES_ERROR;
				GCC_WARN_UNDECLARED_SELECTOR = YES;
				GCC_WARN_UNINITIALIZED_AUTOS = YES_AGGRESSIVE;
				GCC_WARN_UNUSED_FUNCTION = YES;
				GCC_WARN_UNUSED_VARIABLE = YES;
				MTL_ENABLE_DEBUG_INFO = NO;
				MTL_FAST_MATH = YES;
				PRODUCT_NAME = "$(TARGET_NAME)";
				SDKROOT = iphoneos;
				SWIFT_COMPILATION_MODE = wholemodule;
				SWIFT_OPTIMIZATION_LEVEL = "-O";
				SWIFT_VERSION = 5.0;
			};
			name = Release;
		};
		A3CAF2E80666A33EFA04B8CE /* Debug */ = {
			isa = XCBuildConfiguration;
			buildSettings = {
				ASSETCATALOG_COMPILER_APPICON_NAME = AppIcon;
				CODE_SIGN_IDENTITY = "iPhone Developer";
				CURRENT_PROJECT_VERSION = 1;
				ENABLE_BITCODE = NO;
				GENERATE_INFOPLIST_FILE = YES;
				INFOPLIST_FILE = Example/Resources/Info.plist;
				INFOPLIST_KEY_UILaunchScreen_Generation = YES;
				IPHONEOS_DEPLOYMENT_TARGET = 17.6;
				LD_RUNPATH_SEARCH_PATHS = (
					"$(inherited)",
					"@executable_path/Frameworks",
				);
				MARKETING_VERSION = 1.0.0;
				OTHER_LDFLAGS = "-ObjC";
				PRODUCT_BUNDLE_IDENTIFIER = com.bambuser.commercesdk.demo;
				SDKROOT = iphoneos;
				TARGETED_DEVICE_FAMILY = "1,2";
			};
			name = Debug;
		};
		F92DAFD0CD6CB829E820A349 /* Debug */ = {
			isa = XCBuildConfiguration;
			buildSettings = {
				ALWAYS_SEARCH_USER_PATHS = NO;
				CLANG_ANALYZER_NONNULL = YES;
				CLANG_ANALYZER_NUMBER_OBJECT_CONVERSION = YES_AGGRESSIVE;
				CLANG_CXX_LANGUAGE_STANDARD = "gnu++14";
				CLANG_CXX_LIBRARY = "libc++";
				CLANG_ENABLE_MODULES = YES;
				CLANG_ENABLE_OBJC_ARC = YES;
				CLANG_ENABLE_OBJC_WEAK = YES;
				CLANG_WARN_BLOCK_CAPTURE_AUTORELEASING = YES;
				CLANG_WARN_BOOL_CONVERSION = YES;
				CLANG_WARN_COMMA = YES;
				CLANG_WARN_CONSTANT_CONVERSION = YES;
				CLANG_WARN_DEPRECATED_OBJC_IMPLEMENTATIONS = YES;
				CLANG_WARN_DIRECT_OBJC_ISA_USAGE = YES_ERROR;
				CLANG_WARN_DOCUMENTATION_COMMENTS = YES;
				CLANG_WARN_EMPTY_BODY = YES;
				CLANG_WARN_ENUM_CONVERSION = YES;
				CLANG_WARN_INFINITE_RECURSION = YES;
				CLANG_WARN_INT_CONVERSION = YES;
				CLANG_WARN_NON_LITERAL_NULL_CONVERSION = YES;
				CLANG_WARN_OBJC_IMPLICIT_RETAIN_SELF = YES;
				CLANG_WARN_OBJC_LITERAL_CONVERSION = YES;
				CLANG_WARN_OBJC_ROOT_CLASS = YES_ERROR;
				CLANG_WARN_QUOTED_INCLUDE_IN_FRAMEWORK_HEADER = YES;
				CLANG_WARN_RANGE_LOOP_ANALYSIS = YES;
				CLANG_WARN_STRICT_PROTOTYPES = YES;
				CLANG_WARN_SUSPICIOUS_MOVE = YES;
				CLANG_WARN_UNGUARDED_AVAILABILITY = YES_AGGRESSIVE;
				CLANG_WARN_UNREACHABLE_CODE = YES;
				CLANG_WARN__DUPLICATE_METHOD_MATCH = YES;
				COPY_PHASE_STRIP = NO;
				DEBUG_INFORMATION_FORMAT = dwarf;
				ENABLE_STRICT_OBJC_MSGSEND = YES;
				ENABLE_TESTABILITY = YES;
				GCC_C_LANGUAGE_STANDARD = gnu11;
				GCC_DYNAMIC_NO_PIC = NO;
				GCC_NO_COMMON_BLOCKS = YES;
				GCC_OPTIMIZATION_LEVEL = 0;
				GCC_PREPROCESSOR_DEFINITIONS = (
					"$(inherited)",
					"DEBUG=1",
				);
				GCC_WARN_64_TO_32_BIT_CONVERSION = YES;
				GCC_WARN_ABOUT_RETURN_TYPE = YES_ERROR;
				GCC_WARN_UNDECLARED_SELECTOR = YES;
				GCC_WARN_UNINITIALIZED_AUTOS = YES_AGGRESSIVE;
				GCC_WARN_UNUSED_FUNCTION = YES;
				GCC_WARN_UNUSED_VARIABLE = YES;
				MTL_ENABLE_DEBUG_INFO = INCLUDE_SOURCE;
				MTL_FAST_MATH = YES;
				ONLY_ACTIVE_ARCH = YES;
				PRODUCT_NAME = "$(TARGET_NAME)";
				SDKROOT = iphoneos;
				SWIFT_ACTIVE_COMPILATION_CONDITIONS = DEBUG;
				SWIFT_OPTIMIZATION_LEVEL = "-Onone";
				SWIFT_VERSION = 5.0;
			};
			name = Debug;
		};
/* End XCBuildConfiguration section */

/* Begin XCConfigurationList section */
		36FC72E69D906F48675C62BF /* Build configuration list for PBXProject "Example" */ = {
			isa = XCConfigurationList;
			buildConfigurations = (
				F92DAFD0CD6CB829E820A349 /* Debug */,
				398A5AFCD69E760DF19875AD /* Release */,
			);
			defaultConfigurationIsVisible = 0;
			defaultConfigurationName = Debug;
		};
		50E4BAAE3F65BD6A64614098 /* Build configuration list for PBXNativeTarget "demo" */ = {
			isa = XCConfigurationList;
			buildConfigurations = (
				A3CAF2E80666A33EFA04B8CE /* Debug */,
				30FDC0052C8D60DA37FAEFCA /* Release */,
			);
			defaultConfigurationIsVisible = 0;
			defaultConfigurationName = Debug;
		};
/* End XCConfigurationList section */

/* Begin XCRemoteSwiftPackageReference section */
		AF4C6D5A6FB659DB1E3FFC6D /* XCRemoteSwiftPackageReference "bambuser-commerce-sdk-ios" */ = {
			isa = XCRemoteSwiftPackageReference;
			repositoryURL = "https://github.com/bambuser/bambuser-commerce-sdk-ios/";
			requirement = {
				branch = "2.1.2-rc";
				kind = branch;
			};
		};
/* End XCRemoteSwiftPackageReference section */

/* Begin XCSwiftPackageProductDependency section */
		8D02914874D2DA3615D1162D /* BambuserCommerceSDK */ = {
			isa = XCSwiftPackageProductDependency;
			package = AF4C6D5A6FB659DB1E3FFC6D /* XCRemoteSwiftPackageReference "bambuser-commerce-sdk-ios" */;
			productName = BambuserCommerceSDK;
		};
/* End XCSwiftPackageProductDependency section */
	};
	rootObject = CA8E1E974698BC95958F017F /* Project object */;
}
